
Microsoft Visual Studio Solution File, Format Version 12.00
# Visual Studio Express 2012 for Windows Desktop
Project("{FAE04EC0-301F-11D3-BF4B-00C04F79EFBC}") = "SerializeCustomerWithAttributes", "SerializeCustomerWithAttributes.csproj", "{C17C5D80-6691-4E39-A3F1-A48AF35BA1E9}"
EndProject
Global
	GlobalSection(SolutionConfigurationPlatforms) = preSolution
		Debug|Any CPU = Debug|Any CPU
		Release|Any CPU = Release|Any CPU
	EndGlobalSection
	GlobalSection(ProjectConfigurationPlatforms) = postSolution
		{C17C5D80-6691-4E39-A3F1-A48AF35BA1E9}.Debug|Any CPU.ActiveCfg = Debug|Any CPU
		{C17C5D80-6691-4E39-A3F1-A48AF35BA1E9}.Debug|Any CPU.Build.0 = Debug|Any CPU
		{C17C5D80-6691-4E39-A3F1-A48AF35BA1E9}.Release|Any CPU.ActiveCfg = Release|Any CPU
		{C17C5D80-6691-4E39-A3F1-A48AF35BA1E9}.Release|Any CPU.Build.0 = Release|Any CPU
	EndGlobalSection
	GlobalSection(SolutionProperties) = preSolution
		HideSolutionNode = FALSE
	EndGlobalSection
EndGlobal
