
Microsoft Visual Studio Solution File, Format Version 12.00
# Visual Studio Express 2012 for Windows Desktop
Project("{FAE04EC0-301F-11D3-BF4B-00C04F79EFBC}") = "XmlSerializeToString", "XmlSerializeToString.csproj", "{9CD1B7A0-2284-4FC7-9C55-73035B0D05FF}"
EndProject
Global
	GlobalSection(SolutionConfigurationPlatforms) = preSolution
		Debug|Any CPU = Debug|Any CPU
		Release|Any CPU = Release|Any CPU
	EndGlobalSection
	GlobalSection(ProjectConfigurationPlatforms) = postSolution
		{9CD1B7A0-2284-4FC7-9C55-73035B0D05FF}.Debug|Any CPU.ActiveCfg = Debug|Any CPU
		{9CD1B7A0-2284-4FC7-9C55-73035B0D05FF}.Debug|Any CPU.Build.0 = Debug|Any CPU
		{9CD1B7A0-2284-4FC7-9C55-73035B0D05FF}.Release|Any CPU.ActiveCfg = Release|Any CPU
		{9CD1B7A0-2284-4FC7-9C55-73035B0D05FF}.Release|Any CPU.Build.0 = Release|Any CPU
	EndGlobalSection
	GlobalSection(SolutionProperties) = preSolution
		HideSolutionNode = FALSE
	EndGlobalSection
EndGlobal
